
Microsoft Visual Studio Solution File, Format Version 12.00
# Visual Studio Version 16
VisualStudioVersion = 16.0.31515.178
MinimumVisualStudioVersion = 10.0.40219.1
Project("{FAE04EC0-301F-11D3-BF4B-00C04F79EFBC}") = "LineComparisonDay8", "LineComparisonDay8\LineComparisonDay8.csproj", "{08EEAFA0-29FD-44F4-BB12-B8081DD68502}"
EndProject
Global
	GlobalSection(SolutionConfigurationPlatforms) = preSolution
		Debug|Any CPU = Debug|Any CPU
		Release|Any CPU = Release|Any CPU
	EndGlobalSection
	GlobalSection(ProjectConfigurationPlatforms) = postSolution
		{08EEAFA0-29FD-44F4-BB12-B8081DD68502}.Debug|Any CPU.ActiveCfg = Debug|Any CPU
		{08EEAFA0-29FD-44F4-BB12-B8081DD68502}.Debug|Any CPU.Build.0 = Debug|Any CPU
		{08EEAFA0-29FD-44F4-BB12-B8081DD68502}.Release|Any CPU.ActiveCfg = Release|Any CPU
		{08EEAFA0-29FD-44F4-BB12-B8081DD68502}.Release|Any CPU.Build.0 = Release|Any CPU
	EndGlobalSection
	GlobalSection(SolutionProperties) = preSolution
		HideSolutionNode = FALSE
	EndGlobalSection
	GlobalSection(ExtensibilityGlobals) = postSolution
		SolutionGuid = {ECDFC278-551F-4080-8C20-C1FEC89FCA06}
	EndGlobalSection
EndGlobal
